{
  "requires": true,
  "lockfileVersion": 1,
  "dependencies": {
    "pretty-checkbox": {
      "version": "3.0.3",
      "resolved": "https://registry.npmjs.org/pretty-checkbox/-/pretty-checkbox-3.0.3.tgz",
      "integrity": "sha1-1JyAE6j8CO4MLW695FNGS/28Qo4="
    },
    "pretty-checkbox-vue": {
      "version": "1.1.9",
      "resolved": "https://registry.npmjs.org/pretty-checkbox-vue/-/pretty-checkbox-vue-1.1.9.tgz",
      "integrity": "sha512-45HOanzF+BUTD5prwCoNrtEFYVzWtASTIIPtPQxGCajC097pFD/9mbyjEjoTsu8Tk4/rSyA7RNk6JpFWVHpLag==",
      "requires": {
        "pretty-checkbox": "^3.0.3"
      }
    }
  }
}
